{
  "version": 4,
  "terraform_version": "1.4.6",
  "serial": 8,
  "lineage": "fa1a8cec-8a26-1fa2-53fb-f77bd4741fb3",
  "outputs": {},
  "resources": [
    {
      "mode": "managed",
      "type": "google_project_service",
      "name": "artifactregistry",
      "provider": "provider[\"registry.terraform.io/hashicorp/google\"]",
      "instances": [
        {
          "schema_version": 0,
          "attributes": {
            "disable_dependent_services": null,
            "disable_on_destroy": true,
            "id": "sdp-demo-388112/artifactregistry.googleapis.com",
            "project": "sdp-demo-388112",
            "service": "artifactregistry.googleapis.com",
            "timeouts": null
          },
          "sensitive_attributes": [],
          "private": "eyJlMmJmYjczMC1lY2FhLTExZTYtOGY4OC0zNDM2M2JjN2M0YzAiOnsiY3JlYXRlIjoxMjAwMDAwMDAwMDAwLCJkZWxldGUiOjEyMDAwMDAwMDAwMDAsInJlYWQiOjYwMDAwMDAwMDAwMCwidXBkYXRlIjoxMjAwMDAwMDAwMDAwfX0="
        }
      ]
    },
    {
      "mode": "managed",
      "type": "google_project_service",
      "name": "iam_credentials",
      "provider": "provider[\"registry.terraform.io/hashicorp/google\"]",
      "instances": [
        {
          "schema_version": 0,
          "attributes": {
            "disable_dependent_services": null,
            "disable_on_destroy": true,
            "id": "sdp-demo-388112/iamcredentials.googleapis.com",
            "project": "sdp-demo-388112",
            "service": "iamcredentials.googleapis.com",
            "timeouts": null
          },
          "sensitive_attributes": [],
          "private": "eyJlMmJmYjczMC1lY2FhLTExZTYtOGY4OC0zNDM2M2JjN2M0YzAiOnsiY3JlYXRlIjoxMjAwMDAwMDAwMDAwLCJkZWxldGUiOjEyMDAwMDAwMDAwMDAsInJlYWQiOjYwMDAwMDAwMDAwMCwidXBkYXRlIjoxMjAwMDAwMDAwMDAwfX0="
        }
      ]
    },
    {
      "module": "module.artifactRegistery",
      "mode": "managed",
      "type": "google_artifact_registry_repository",
      "name": "docker-repo",
      "provider": "provider[\"registry.terraform.io/hashicorp/google\"]",
      "instances": [
        {
          "schema_version": 0,
          "attributes": {
            "create_time": "2023-05-31T11:24:54.207214Z",
            "description": "example docker repository",
            "docker_config": [
              {
                "immutable_tags": true
              }
            ],
            "format": "DOCKER",
            "id": "projects/sdp-demo-388112/locations/europe-central2/repositories/oded-container-repository",
            "kms_key_name": "",
            "labels": {
              "iac": "terraform"
            },
            "location": "europe-central2",
            "maven_config": [],
            "mode": "STANDARD_REPOSITORY",
            "name": "oded-container-repository",
            "project": "sdp-demo-388112",
            "remote_repository_config": [],
            "repository_id": "oded-container-repository",
            "timeouts": null,
            "update_time": "2023-05-31T11:24:54.207214Z",
            "virtual_repository_config": []
          },
          "sensitive_attributes": [],
          "private": "eyJlMmJmYjczMC1lY2FhLTExZTYtOGY4OC0zNDM2M2JjN2M0YzAiOnsiY3JlYXRlIjoxMjAwMDAwMDAwMDAwLCJkZWxldGUiOjEyMDAwMDAwMDAwMDAsInVwZGF0ZSI6MTIwMDAwMDAwMDAwMH19"
        }
      ]
    },
    {
      "module": "module.workloadidentity",
      "mode": "managed",
      "type": "google_iam_workload_identity_pool_provider",
      "name": "example",
      "provider": "provider[\"registry.terraform.io/hashicorp/google\"]",
      "instances": []
    },
    {
      "module": "module.workloadidentity",
      "mode": "managed",
      "type": "google_service_account",
      "name": "container-builder-sa",
      "provider": "provider[\"registry.terraform.io/hashicorp/google\"]",
      "instances": [
        {
          "schema_version": 0,
          "attributes": {
            "account_id": "oded-container-builder-sa",
            "description": "Github actions service account to create containers",
            "disabled": false,
            "display_name": "oded-Container builder",
            "email": "oded-container-builder-sa@sdp-demo-388112.iam.gserviceaccount.com",
            "id": "projects/sdp-demo-388112/serviceAccounts/oded-container-builder-sa@sdp-demo-388112.iam.gserviceaccount.com",
            "member": "serviceAccount:oded-container-builder-sa@sdp-demo-388112.iam.gserviceaccount.com",
            "name": "projects/sdp-demo-388112/serviceAccounts/oded-container-builder-sa@sdp-demo-388112.iam.gserviceaccount.com",
            "project": "sdp-demo-388112",
            "timeouts": null,
            "unique_id": "111271416404608737502"
          },
          "sensitive_attributes": [],
          "private": "eyJlMmJmYjczMC1lY2FhLTExZTYtOGY4OC0zNDM2M2JjN2M0YzAiOnsiY3JlYXRlIjozMDAwMDAwMDAwMDB9fQ=="
        }
      ]
    }
  ],
  "check_results": null
}
